DEPENDENCIES
  apt (~> 2.3)
  docker
    git: git://github.com/tduffield/chef-docker.git
    revision: 218229d8f1a40aa540d2cf1e83fec391e3c6792d
  freebsd (~> 0.1)
  omnibus
  yum-epel (~> 0.3)

GRAPH
  7-zip (1.0.2)
    windows (>= 1.2.2)
  apt (2.6.0)
  aufs (0.1.1)
    apt (>= 0.0.0)
    modules (>= 0.0.0)
  build-essential (2.0.6)
  chef-sugar (2.2.0)
  chef_handler (1.1.6)
  device-mapper (0.1.0)
    apt (>= 0.0.0)
    modules (>= 0.0.0)
  dmg (2.2.0)
  docker (0.34.2)
    apt (>= 0.0.0)
    aufs (>= 0.1.1)
    device-mapper (>= 0.1.0)
    git (>= 0.0.0)
    golang (>= 0.0.0)
    homebrew (>= 0.0.0)
    iptables (>= 0.0.0)
    lxc (>= 1.1.6)
    modules (>= 0.0.0)
    runit (>= 0.0.0)
    sysctl (>= 0.0.0)
    yum-epel (>= 0.0.0)
  dpkg_autostart (0.1.10)
  freebsd (0.1.9)
  git (4.0.2)
    build-essential (>= 0.0.0)
    dmg (>= 0.0.0)
    runit (>= 1.0.0)
    windows (>= 0.0.0)
    yum (~> 3.0)
    yum-epel (>= 0.0.0)
  golang (1.4.0)
  homebrew (1.9.0)
  iptables (0.14.0)
  lxc (1.1.8)
    dpkg_autostart (~> 0.1.10)
  modules (0.2.0)
  ohai (2.0.1)
  omnibus (2.3.4)
    7-zip (~> 1.0)
    build-essential (~> 2.0)
    chef-sugar (~> 2.0)
    homebrew (~> 1.5)
    windows (~> 1.30)
    wix (~> 1.1)
    yum-epel (~> 0.4)
  runit (1.5.10)
    build-essential (>= 0.0.0)
    yum (~> 3.0)
    yum-epel (>= 0.0.0)
  sysctl (0.6.0)
    ohai (>= 0.0.0)
  windows (1.34.2)
    chef_handler (>= 0.0.0)
  wix (1.1.0)
    windows (>= 1.2.2)
  yum (3.3.2)
  yum-epel (0.5.1)
    yum (~> 3.0)
