DEPENDENCIES
  apt
  freebsd (~> 0.1)
  omnibus
  yum-epel (~> 0.3)

GRAPH
  7-zip (1.0.2)
    windows (>= 1.2.2)
  apt (2.3.10)
  build-essential (2.0.0)
  chef-sugar (1.2.8)
  chef_handler (1.1.6)
  freebsd (0.1.4)
  homebrew (1.6.0)
  omnibus (2.0.2)
    7-zip (~> 1.0)
    build-essential (~> 2.0)
    chef-sugar (~> 1.1)
    homebrew (~> 1.5)
    windows (~> 1.30)
    wix (~> 1.1)
  windows (1.30.2)
    chef_handler (>= 0.0.0)
  wix (1.1.0)
    windows (>= 1.2.2)
  yum (3.2.0)
  yum-epel (0.3.6)
    yum (~> 3.0)
