DEPENDENCIES
  apt (~> 2.3)
  freebsd (~> 0.1)
  omnibus
  yum-epel (~> 0.3)

GRAPH
  7-zip (1.0.2)
    windows (>= 1.2.2)
  apt (2.6.0)
  build-essential (2.0.6)
  chef-sugar (3.1.0)
  chef_handler (1.1.6)
  dmg (2.2.0)
  dpkg_autostart (0.1.10)
  freebsd (0.2.1)
  homebrew (1.9.0)
  ohai (2.0.1)
  omnibus (2.6.2)
    7-zip (~> 1.0)
    build-essential (~> 2.0)
    chef-sugar (~> 3.0)
    homebrew (~> 1.9)
    windows (~> 1.30)
    wix (~> 1.1)
  runit (1.5.10)
    build-essential (>= 0.0.0)
    yum (~> 3.0)
    yum-epel (>= 0.0.0)
  windows (1.36.6)
    chef_handler (>= 0.0.0)
  wix (1.1.0)
    windows (>= 1.2.2)
  yum (3.3.2)
  yum-epel (0.5.1)
    yum (~> 3.0)
