DEPENDENCIES
  apt (~> 2.3)
  freebsd (~> 0.1)
  omnibus
  yum-epel (~> 0.3)

GRAPH
  apt (2.9.2)
  build-essential (3.2.0)
    seven_zip (>= 0.0.0)
  chef-sugar (3.3.0)
  chef_handler (1.3.0)
  dmg (2.3.0)
  freebsd (0.6.0)
  git (4.4.1)
    build-essential (>= 0.0.0)
    dmg (>= 0.0.0)
    windows (>= 0.0.0)
    yum-epel (>= 0.0.0)
  homebrew (2.1.0)
    build-essential (>= 2.1.2)
  languages (0.2.6)
    build-essential (>= 0.0.0)
    chef-sugar (>= 0.0.0)
    homebrew (>= 0.0.0)
    remote_install (>= 0.0.0)
  omnibus (3.3.0)
    build-essential (>= 3.0.0)
    chef-sugar (>= 3.2.0)
    git (>= 0.0.0)
    homebrew (>= 0.0.0)
    languages (>= 0.0.0)
    remote_install (>= 0.0.0)
    windows (>= 0.0.0)
    windows-sdk (>= 0.0.0)
    wix (>= 0.0.0)
  remote_install (1.0.2)
  seven_zip (2.0.0)
    windows (>= 1.2.2)
  windows (1.39.2)
    chef_handler (>= 0.0.0)
  windows-sdk (1.0.2)
  wix (2.0.2)
    windows (>= 1.38.2)
  yum (3.10.0)
  yum-epel (0.6.6)
    yum (~> 3.10.0)
