DEPENDENCIES
  base
    path: cookbooks/base
  php (~> 1.5.0)
  resolver
    git: https://github.com/chef-cookbooks/resolver.git
    revision: 4ab8cb0dfee3696fb8a1e4398e95bff9f33fd6ab

GRAPH
  apt (6.0.1)
  base (0.1.0)
    apt (>= 0.0.0)
    build-essential (>= 0.0.0)
    chef-client (>= 0.0.0)
    chef_hostname (>= 0.0.0)
    logrotate (>= 0.0.0)
    multipackage (>= 0.0.0)
    nscd (>= 0.0.0)
    ntp (>= 0.0.0)
    openssh (>= 0.0.0)
    resolver (>= 0.0.0)
    selinux (>= 0.0.0)
    sudo (>= 0.0.0)
    ubuntu (>= 0.0.0)
    users (>= 0.0.0)
  build-essential (8.0.0)
    mingw (>= 1.1)
    seven_zip (>= 0.0.0)
  chef-client (8.0.0)
    cron (>= 1.7.0)
    logrotate (>= 1.9.0)
    windows (>= 1.42.0)
  chef_hostname (0.5.0)
  compat_resource (12.16.3)
  cron (4.1.0)
    compat_resource (>= 0.0.0)
  iis (5.1.0)
    windows (>= 2.0)
  iptables (4.0.1)
  logrotate (2.1.0)
    compat_resource (>= 0.0.0)
  mingw (2.0.0)
    seven_zip (>= 0.0.0)
  multipackage (4.0.0)
    compat_resource (>= 0.0.0)
  mysql (8.3.1)
  nscd (5.0.0)
  ntp (3.3.1)
  ohai (5.0.2)
  openssh (2.2.0)
    iptables (>= 1.0)
  php (1.5.0)
    build-essential (>= 0.0.0)
    iis (>= 0.0.0)
    mysql (>= 0.0.0)
    windows (>= 0.0.0)
    xml (>= 0.0.0)
    yum-epel (>= 0.0.0)
  resolver (2.0.1)
  selinux (1.0.3)
  seven_zip (2.0.2)
    windows (>= 1.2.2)
  sudo (3.3.1)
  ubuntu (2.0.1)
    apt (>= 0.0.0)
  users (4.0.3)
  windows (3.0.4)
    ohai (>= 4.0.0)
  xml (3.1.1)
    build-essential (>= 0.0.0)
  yum-epel (2.1.1)
    compat_resource (>= 12.16.3)
