DEPENDENCIES
  php (~> 1.5.0)
  webapp
    path: cookbooks/webapp

GRAPH
  apache2 (3.2.2)
  apt (3.0.0)
  aws (3.3.2)
    ohai (>= 2.1.0)
  build-essential (3.2.0)
    seven_zip (>= 0.0.0)
  chef-sugar (3.3.0)
  chef_handler (1.3.0)
  database (2.3.1)
    aws (>= 0.0.0)
    mysql (~> 5.0)
    mysql-chef_gem (~> 0.0)
    postgresql (>= 1.0.0)
    xfs (>= 0.0.0)
  iis (4.1.7)
    windows (>= 1.34.6)
  mysql (5.6.3)
    yum-mysql-community (>= 0.0.0)
  mysql-chef_gem (0.0.5)
    build-essential (>= 0.0.0)
    mysql (>= 0.0.0)
  ohai (3.0.1)
  openssl (4.4.0)
    chef-sugar (>= 3.1.1)
  php (1.5.0)
    build-essential (>= 0.0.0)
    iis (>= 0.0.0)
    mysql (>= 0.0.0)
    windows (>= 0.0.0)
    xml (>= 0.0.0)
    yum-epel (>= 0.0.0)
  postgresql (4.0.6)
    apt (>= 1.9.0)
    build-essential (>= 0.0.0)
    openssl (~> 4.0)
  seven_zip (2.0.0)
    windows (>= 1.2.2)
  webapp (0.1.0)
    apache2 (>= 0.0.0)
    database (~> 2.3.1)
    mysql (>= 0.0.0)
    php (>= 0.0.0)
  windows (1.40.0)
    chef_handler (>= 0.0.0)
  xfs (2.0.1)
  xml (2.0.0)
    build-essential (>= 0.0.0)
    chef-sugar (>= 0.0.0)
  yum (3.10.0)
  yum-epel (0.7.0)
    yum (>= 3.6.3)
  yum-mysql-community (0.2.0)
    yum (>= 3.2)
