DEPENDENCIES
  awesome_customers_rhel
    git: https://github.com/learn-chef/awesome_customers_rhel.git
    revision: b576fcf2988e2cdf156e7ba6ff59a94d556e16f1
  awesome_customers_rhel_wrapper
    path: cookbooks/awesome_customers_rhel_wrapper
  awesome_customers_ubuntu
    git: https://github.com/learn-chef/awesome_customers_ubuntu.git
    revision: fea174c5855266f28218f76f00f6eff69e850244
  awesome_customers_ubuntu_wrapper
    path: cookbooks/awesome_customers_ubuntu_wrapper
  base
    path: cookbooks/base
  php (~> 1.5.0)
  resolver
    git: https://github.com/chef-cookbooks/resolver.git
    revision: 8bf9034dabc47d29a07870e4059c32114f2c820a

GRAPH
  apt (4.0.2)
    compat_resource (>= 12.10)
  awesome_customers_rhel (0.1.0)
    database (~> 6.0)
    firewall (~> 2.5)
    httpd (~> 0.4)
    mysql (~> 7.0)
    mysql2_chef_gem (~> 1.1)
    selinux (~> 0.9)
  awesome_customers_rhel_wrapper (0.1.0)
    awesome_customers_rhel (>= 0.0.0)
  awesome_customers_ubuntu (0.1.0)
    apt (~> 4.0)
    database (~> 6.0)
    firewall (~> 2.5)
    httpd (~> 0.4)
    mysql (~> 7.0)
    mysql2_chef_gem (~> 1.1)
  awesome_customers_ubuntu_wrapper (0.1.0)
    awesome_customers_ubuntu (>= 0.0.0)
  base (0.1.0)
    apt (>= 0.0.0)
    build-essential (>= 0.0.0)
    chef-client (>= 0.0.0)
    chef_hostname (>= 0.0.0)
    logrotate (>= 0.0.0)
    multipackage (>= 0.0.0)
    nscd (>= 0.0.0)
    ntp (>= 0.0.0)
    openssh (>= 0.0.0)
    resolver (>= 0.0.0)
    selinux (>= 0.0.0)
    sudo (>= 0.0.0)
    ubuntu (>= 0.0.0)
    users (>= 0.0.0)
  build-essential (8.0.0)
    mingw (>= 1.1)
    seven_zip (>= 0.0.0)
  chef-client (7.1.0)
    cron (>= 1.7.0)
    logrotate (>= 1.9.0)
    windows (>= 1.42.0)
  chef-sugar (3.4.0)
  chef_hostname (0.4.2)
    compat_resource (>= 0.0.0)
  compat_resource (12.16.3)
  cron (3.0.0)
  database (6.1.1)
    postgresql (>= 1.0.0)
  firewall (2.5.4)
    chef-sugar (>= 0.0.0)
  httpd (0.4.5)
    compat_resource (>= 12.16.3)
  iis (5.0.5)
    windows (>= 1.34.6)
  iptables (3.1.0)
    compat_resource (>= 12.14.3)
  logrotate (2.1.0)
    compat_resource (>= 0.0.0)
  mariadb (1.0.1)
    apt (>= 0.0.0)
    yum (>= 0.0.0)
    yum-epel (>= 0.0.0)
  mingw (1.2.5)
    compat_resource (>= 12.16.3)
    seven_zip (>= 0.0.0)
  multipackage (4.0.0)
    compat_resource (>= 0.0.0)
  mysql (7.2.0)
    smf (>= 0.0.0)
    yum-mysql-community (>= 0.0.0)
  mysql2_chef_gem (1.1.0)
    build-essential (>= 0.0.0)
    mariadb (>= 0.0.0)
    mysql (>= 6.0)
  nscd (4.1.0)
    compat_resource (>= 0.0.0)
  ntp (3.3.1)
  ohai (5.0.0)
  openssh (2.1.1)
    iptables (>= 1.0)
  openssl (6.1.1)
  php (1.5.0)
    build-essential (>= 0.0.0)
    iis (>= 0.0.0)
    mysql (>= 0.0.0)
    windows (>= 0.0.0)
    xml (>= 0.0.0)
    yum-epel (>= 0.0.0)
  postgresql (6.0.1)
    build-essential (>= 2.0.0)
    compat_resource (>= 12.16.3)
    openssl (>= 4.0)
  rbac (1.0.3)
  resolver (1.3.1)
  selinux (0.9.0)
  seven_zip (2.0.2)
    windows (>= 1.2.2)
  smf (2.2.8)
    rbac (>= 1.0.1)
  sudo (3.3.1)
  ubuntu (2.0.0)
    apt (>= 0.0.0)
  users (4.0.3)
  windows (2.1.1)
    ohai (>= 4.0.0)
  xml (3.1.1)
    build-essential (>= 0.0.0)
  yum (5.0.0)
  yum-epel (2.1.1)
    compat_resource (>= 12.16.3)
  yum-mysql-community (2.0.3)
    compat_resource (>= 12.16.3)
