PATH
  remote: ..
  specs:
    chef (19.0.28)
    chef (19.0.28-universal-mingw-ucrt)

PLATFORMS
  ruby
  x64-mingw-ucrt

DEPENDENCIES
  appbundler
  chef!
  chef-bin!
  chef-config!
  chef-utils!
  chef-vault
  cheffish (>= 17.1.5)
  chefstyle
  ed25519 (~> 1.2)
  fauxhai-ng
  ffi (>= 1.15.5)
  inspec-core-bin (>= 5)
  ohai!
  pry (= 0.13.0)
  pry-byebug
  pry-stack_explorer
  rake
  rb-readline
  rest-client!
  rspec
  ruby-shadow!
  webmock

BUNDLED WITH
   2.3.18