DEPENDENCIES
  apt
  myface
    path: ../../../../Cookbooks/myface-cookbook

GRAPH
  apache2 (1.6.2)
  apt (2.3.10)
  aws (2.2.0)
  build-essential (2.0.2)
  database (1.3.12)
    aws (>= 0.0.0)
    mysql (>= 1.3.0)
    postgresql (>= 1.0.0)
    xfs (>= 0.0.0)
  myface (0.3.0)
    apache2 (= 1.6.2)
    database (= 1.3.12)
    mysql (= 2.1.2)
  mysql (2.1.2)
    build-essential (>= 0.0.0)
    openssl (>= 0.0.0)
  openssl (1.1.0)
  postgresql (3.4.0)
    apt (>= 1.9.0)
    build-essential (>= 0.0.0)
    openssl (>= 0.0.0)
  xfs (1.1.0)
